
Microsoft Visual Studio Solution File, Format Version 12.00
# Visual Studio 15
VisualStudioVersion = 15.0.28307.329
MinimumVisualStudioVersion = 10.0.40219.1
Project("{FAE04EC0-301F-11D3-BF4B-00C04F79EFBC}") = "LoginTokenAPI", "LoginTokenAPI\LoginTokenAPI.csproj", "{2EFC9739-6E7C-4FBA-88BC-A2A61338BF20}"
EndProject
Global
	GlobalSection(SolutionConfigurationPlatforms) = preSolution
		Debug|Any CPU = Debug|Any CPU
		Release|Any CPU = Release|Any CPU
	EndGlobalSection
	GlobalSection(ProjectConfigurationPlatforms) = postSolution
		{2EFC9739-6E7C-4FBA-88BC-A2A61338BF20}.Debug|Any CPU.ActiveCfg = Debug|Any CPU
		{2EFC9739-6E7C-4FBA-88BC-A2A61338BF20}.Debug|Any CPU.Build.0 = Debug|Any CPU
		{2EFC9739-6E7C-4FBA-88BC-A2A61338BF20}.Release|Any CPU.ActiveCfg = Release|Any CPU
		{2EFC9739-6E7C-4FBA-88BC-A2A61338BF20}.Release|Any CPU.Build.0 = Release|Any CPU
	EndGlobalSection
	GlobalSection(SolutionProperties) = preSolution
		HideSolutionNode = FALSE
	EndGlobalSection
	GlobalSection(ExtensibilityGlobals) = postSolution
		SolutionGuid = {FFB924BD-C5A7-4C9F-A463-0CF979649C2B}
	EndGlobalSection
EndGlobal
